
Microsoft Visual Studio Solution File, Format Version 12.00
# Visual Studio Version 17
VisualStudioVersion = 17.13.35931.197 d17.13
MinimumVisualStudioVersion = 10.0.40219.1
Project("{FAE04EC0-301F-11D3-BF4B-00C04F79EFBC}") = "Stone1234", "Stone1234\Stone1234.csproj", "{C667B1D7-8641-4BE0-B639-2CC4CCC74477}"
EndProject
Global
	GlobalSection(SolutionConfigurationPlatforms) = preSolution
		Debug|Any CPU = Debug|Any CPU
		Release|Any CPU = Release|Any CPU
	EndGlobalSection
	GlobalSection(ProjectConfigurationPlatforms) = postSolution
		{C667B1D7-8641-4BE0-B639-2CC4CCC74477}.Debug|Any CPU.ActiveCfg = Debug|Any CPU
		{C667B1D7-8641-4BE0-B639-2CC4CCC74477}.Debug|Any CPU.Build.0 = Debug|Any CPU
		{C667B1D7-8641-4BE0-B639-2CC4CCC74477}.Release|Any CPU.ActiveCfg = Release|Any CPU
		{C667B1D7-8641-4BE0-B639-2CC4CCC74477}.Release|Any CPU.Build.0 = Release|Any CPU
	EndGlobalSection
	GlobalSection(SolutionProperties) = preSolution
		HideSolutionNode = FALSE
	EndGlobalSection
	GlobalSection(ExtensibilityGlobals) = postSolution
		SolutionGuid = {355A1E83-AE55-404C-87B1-2250C3F75233}
	EndGlobalSection
EndGlobal
